
Microsoft Visual Studio Solution File, Format Version 12.00
# Visual Studio Version 17
VisualStudioVersion = 17.14.36310.24 d17.14
MinimumVisualStudioVersion = 10.0.40219.1
Project("{FAE04EC0-301F-11D3-BF4B-00C04F79EFBC}") = "Backend", "Backend.csproj", "{3D67C391-5038-4369-BA11-46E391A83209}"
EndProject
Global
	GlobalSection(SolutionConfigurationPlatforms) = preSolution
		Debug|Any CPU = Debug|Any CPU
		Release|Any CPU = Release|Any CPU
	EndGlobalSection
	GlobalSection(ProjectConfigurationPlatforms) = postSolution
		{3D67C391-5038-4369-BA11-46E391A83209}.Debug|Any CPU.ActiveCfg = Debug|Any CPU
		{3D67C391-5038-4369-BA11-46E391A83209}.Debug|Any CPU.Build.0 = Debug|Any CPU
		{3D67C391-5038-4369-BA11-46E391A83209}.Release|Any CPU.ActiveCfg = Release|Any CPU
		{3D67C391-5038-4369-BA11-46E391A83209}.Release|Any CPU.Build.0 = Release|Any CPU
	EndGlobalSection
	GlobalSection(SolutionProperties) = preSolution
		HideSolutionNode = FALSE
	EndGlobalSection
	GlobalSection(ExtensibilityGlobals) = postSolution
		SolutionGuid = {72182FD4-359F-4F1C-B239-D1706692ADF4}
	EndGlobalSection
EndGlobal
